
Microsoft Visual Studio Solution File, Format Version 12.00
# Visual Studio 15
Project("{FAE04EC0-301F-11D3-BF4B-00C04F79EFBC}") = "Assembly-CSharp", "Assembly-CSharp.csproj", "{A17EEED0-8841-D3E7-7885-7608247F9CEC}"
EndProject
Project("{FAE04EC0-301F-11D3-BF4B-00C04F79EFBC}") = "Assembly-CSharp-firstpass", "Assembly-CSharp-firstpass.csproj", "{5A989636-1B95-A302-4793-1804C9E975DD}"
EndProject
Project("{FAE04EC0-301F-11D3-BF4B-00C04F79EFBC}") = "Assembly-CSharp-Editor-firstpass", "Assembly-CSharp-Editor-firstpass.csproj", "{806E66E9-7158-AD53-DFBB-1FF7E944FD16}"
EndProject
Global
	GlobalSection(SolutionConfigurationPlatforms) = preSolution
		Debug|Any CPU = Debug|Any CPU
		Release|Any CPU = Release|Any CPU
	EndGlobalSection
	GlobalSection(ProjectConfigurationPlatforms) = postSolution
		{A17EEED0-8841-D3E7-7885-7608247F9CEC}.Debug|Any CPU.ActiveCfg = Debug|Any CPU
		{A17EEED0-8841-D3E7-7885-7608247F9CEC}.Debug|Any CPU.Build.0 = Debug|Any CPU
		{A17EEED0-8841-D3E7-7885-7608247F9CEC}.Release|Any CPU.ActiveCfg = Release|Any CPU
		{A17EEED0-8841-D3E7-7885-7608247F9CEC}.Release|Any CPU.Build.0 = Release|Any CPU
		{5A989636-1B95-A302-4793-1804C9E975DD}.Debug|Any CPU.ActiveCfg = Debug|Any CPU
		{5A989636-1B95-A302-4793-1804C9E975DD}.Debug|Any CPU.Build.0 = Debug|Any CPU
		{5A989636-1B95-A302-4793-1804C9E975DD}.Release|Any CPU.ActiveCfg = Release|Any CPU
		{5A989636-1B95-A302-4793-1804C9E975DD}.Release|Any CPU.Build.0 = Release|Any CPU
		{806E66E9-7158-AD53-DFBB-1FF7E944FD16}.Debug|Any CPU.ActiveCfg = Debug|Any CPU
		{806E66E9-7158-AD53-DFBB-1FF7E944FD16}.Debug|Any CPU.Build.0 = Debug|Any CPU
		{806E66E9-7158-AD53-DFBB-1FF7E944FD16}.Release|Any CPU.ActiveCfg = Release|Any CPU
		{806E66E9-7158-AD53-DFBB-1FF7E944FD16}.Release|Any CPU.Build.0 = Release|Any CPU
	EndGlobalSection
	GlobalSection(SolutionProperties) = preSolution
		HideSolutionNode = FALSE
	EndGlobalSection
EndGlobal
