
Microsoft Visual Studio Solution File, Format Version 12.00
# Visual Studio 15
Project("{FAE04EC0-301F-11D3-BF4B-00C04F79EFBC}") = "Assembly-CSharp", "Assembly-CSharp.csproj", "{C70DFC84-DAEB-3613-0DB8-C2360E7DC6CC}"
EndProject
Project("{FAE04EC0-301F-11D3-BF4B-00C04F79EFBC}") = "Assembly-CSharp-firstpass", "Assembly-CSharp-firstpass.csproj", "{C0622CBE-3347-17F0-9DF6-AB8EF555FE99}"
EndProject
Project("{FAE04EC0-301F-11D3-BF4B-00C04F79EFBC}") = "Assembly-CSharp-Editor-firstpass", "Assembly-CSharp-Editor-firstpass.csproj", "{3F1311D3-2D4E-8392-E906-2AF8DC40F936}"
EndProject
Global
	GlobalSection(SolutionConfigurationPlatforms) = preSolution
		Debug|Any CPU = Debug|Any CPU
		Release|Any CPU = Release|Any CPU
	EndGlobalSection
	GlobalSection(ProjectConfigurationPlatforms) = postSolution
		{C70DFC84-DAEB-3613-0DB8-C2360E7DC6CC}.Debug|Any CPU.ActiveCfg = Debug|Any CPU
		{C70DFC84-DAEB-3613-0DB8-C2360E7DC6CC}.Debug|Any CPU.Build.0 = Debug|Any CPU
		{C70DFC84-DAEB-3613-0DB8-C2360E7DC6CC}.Release|Any CPU.ActiveCfg = Release|Any CPU
		{C70DFC84-DAEB-3613-0DB8-C2360E7DC6CC}.Release|Any CPU.Build.0 = Release|Any CPU
		{C0622CBE-3347-17F0-9DF6-AB8EF555FE99}.Debug|Any CPU.ActiveCfg = Debug|Any CPU
		{C0622CBE-3347-17F0-9DF6-AB8EF555FE99}.Debug|Any CPU.Build.0 = Debug|Any CPU
		{C0622CBE-3347-17F0-9DF6-AB8EF555FE99}.Release|Any CPU.ActiveCfg = Release|Any CPU
		{C0622CBE-3347-17F0-9DF6-AB8EF555FE99}.Release|Any CPU.Build.0 = Release|Any CPU
		{3F1311D3-2D4E-8392-E906-2AF8DC40F936}.Debug|Any CPU.ActiveCfg = Debug|Any CPU
		{3F1311D3-2D4E-8392-E906-2AF8DC40F936}.Debug|Any CPU.Build.0 = Debug|Any CPU
		{3F1311D3-2D4E-8392-E906-2AF8DC40F936}.Release|Any CPU.ActiveCfg = Release|Any CPU
		{3F1311D3-2D4E-8392-E906-2AF8DC40F936}.Release|Any CPU.Build.0 = Release|Any CPU
	EndGlobalSection
	GlobalSection(SolutionProperties) = preSolution
		HideSolutionNode = FALSE
	EndGlobalSection
EndGlobal
